{
  "name": "alaa",
  "version": "1.0.0",
  "lockfileVersion": 3,
  "requires": true,
  "packages": {
    "": {
      "name": "alaa",
      "version": "1.0.0",
      "license": "ISC",
      "dependencies": {
        "polynomials": "^1.0.2"
      }
    },
    "node_modules/fraction.js": {
      "version": "4.3.7",
      "resolved": "https://registry.npmjs.org/fraction.js/-/fraction.js-4.3.7.tgz",
      "integrity": "sha512-ZsDfxO51wGAXREY55a7la9LScWpwv9RxIrYABrlvOFBlH/ShPnrtsXeuUIfXKKOVicNxQ+o8JTbJvjS4M89yew==",
      "engines": {
        "node": "*"
      },
      "funding": {
        "type": "patreon",
        "url": "https://github.com/sponsors/rawify"
      }
    },
    "node_modules/polynomials": {
      "version": "1.0.2",
      "resolved": "https://registry.npmjs.org/polynomials/-/polynomials-1.0.2.tgz",
      "integrity": "sha512-FOOZJ08e8FycOiusdis/s1S30FcgJ56lQWqE0VPFIdcn9kWMGd9hwKN6ah3wV6Bq6+btzlJMiXXbNOnbWdyN7w==",
      "dependencies": {
        "fraction.js": "^4.2.0"
      }
    }
  }
}
